
Microsoft Visual Studio Solution File, Format Version 12.00
# Visual Studio Version 17
VisualStudioVersion = 17.9.34728.123
MinimumVisualStudioVersion = 10.0.40219.1
Project("{FAE04EC0-301F-11D3-BF4B-00C04F79EFBC}") = "ControlsDemo", "ControlsDemo\ControlsDemo.csproj", "{C7F6D3B6-9AA7-4453-B6DB-1AF44BE130E6}"
EndProject
Global
	GlobalSection(SolutionConfigurationPlatforms) = preSolution
		Debug|Any CPU = Debug|Any CPU
		Release|Any CPU = Release|Any CPU
	EndGlobalSection
	GlobalSection(ProjectConfigurationPlatforms) = postSolution
		{C7F6D3B6-9AA7-4453-B6DB-1AF44BE130E6}.Debug|Any CPU.ActiveCfg = Debug|Any CPU
		{C7F6D3B6-9AA7-4453-B6DB-1AF44BE130E6}.Debug|Any CPU.Build.0 = Debug|Any CPU
		{C7F6D3B6-9AA7-4453-B6DB-1AF44BE130E6}.Release|Any CPU.ActiveCfg = Release|Any CPU
		{C7F6D3B6-9AA7-4453-B6DB-1AF44BE130E6}.Release|Any CPU.Build.0 = Release|Any CPU
	EndGlobalSection
	GlobalSection(SolutionProperties) = preSolution
		HideSolutionNode = FALSE
	EndGlobalSection
	GlobalSection(ExtensibilityGlobals) = postSolution
		SolutionGuid = {50EEAA54-2158-4244-8E0B-0C41D3F61EC9}
	EndGlobalSection
EndGlobal
